
Microsoft Visual Studio Solution File, Format Version 12.00
# Visual Studio Version 17
VisualStudioVersion = 17.4.33213.308
MinimumVisualStudioVersion = 10.0.40219.1
Project("{9A19103F-16F7-4668-BE54-9A1E7A4F7556}") = "FibaApi", "FibaApi.csproj", "{3EFE49B6-4F39-4404-A300-9D59008F2805}"
EndProject
Project("{9A19103F-16F7-4668-BE54-9A1E7A4F7556}") = "FibaCore", "..\FibaCore\FibaCore.csproj", "{69B1D32C-ACFB-4B10-92F2-031E70949747}"
EndProject
Project("{9A19103F-16F7-4668-BE54-9A1E7A4F7556}") = "FibaInfrastructure", "..\FibaInfrastructure\FibaInfrastructure.csproj", "{C89474A6-1020-4C18-8EEC-4374F93F5896}"
EndProject
Global
	GlobalSection(SolutionConfigurationPlatforms) = preSolution
		Debug|Any CPU = Debug|Any CPU
		Release|Any CPU = Release|Any CPU
	EndGlobalSection
	GlobalSection(ProjectConfigurationPlatforms) = postSolution
		{3EFE49B6-4F39-4404-A300-9D59008F2805}.Debug|Any CPU.ActiveCfg = Debug|Any CPU
		{3EFE49B6-4F39-4404-A300-9D59008F2805}.Debug|Any CPU.Build.0 = Debug|Any CPU
		{3EFE49B6-4F39-4404-A300-9D59008F2805}.Release|Any CPU.ActiveCfg = Release|Any CPU
		{3EFE49B6-4F39-4404-A300-9D59008F2805}.Release|Any CPU.Build.0 = Release|Any CPU
		{69B1D32C-ACFB-4B10-92F2-031E70949747}.Debug|Any CPU.ActiveCfg = Debug|Any CPU
		{69B1D32C-ACFB-4B10-92F2-031E70949747}.Debug|Any CPU.Build.0 = Debug|Any CPU
		{69B1D32C-ACFB-4B10-92F2-031E70949747}.Release|Any CPU.ActiveCfg = Release|Any CPU
		{69B1D32C-ACFB-4B10-92F2-031E70949747}.Release|Any CPU.Build.0 = Release|Any CPU
		{C89474A6-1020-4C18-8EEC-4374F93F5896}.Debug|Any CPU.ActiveCfg = Debug|Any CPU
		{C89474A6-1020-4C18-8EEC-4374F93F5896}.Debug|Any CPU.Build.0 = Debug|Any CPU
		{C89474A6-1020-4C18-8EEC-4374F93F5896}.Release|Any CPU.ActiveCfg = Release|Any CPU
		{C89474A6-1020-4C18-8EEC-4374F93F5896}.Release|Any CPU.Build.0 = Release|Any CPU
	EndGlobalSection
	GlobalSection(SolutionProperties) = preSolution
		HideSolutionNode = FALSE
	EndGlobalSection
	GlobalSection(ExtensibilityGlobals) = postSolution
		SolutionGuid = {223CF9E9-B897-486D-8572-9D9322978F70}
	EndGlobalSection
EndGlobal
